
Microsoft Visual Studio Solution File, Format Version 12.00
# Visual Studio Version 16
VisualStudioVersion = 16.0.29215.179
MinimumVisualStudioVersion = 10.0.40219.1
Project("{FAE04EC0-301F-11D3-BF4B-00C04F79EFBC}") = "isogram-csharp-problem", "isogram-csharp-problem\isogram-csharp-problem.csproj", "{F4E3E4B3-0EBD-47DC-968D-FD5108C78F07}"
EndProject
Project("{FAE04EC0-301F-11D3-BF4B-00C04F79EFBC}") = "Isogram.Tests", "..\Isogram.Tests\Isogram.Tests.csproj", "{A56DFA33-EDCA-4CA6-A0BE-80A4572D8AF9}"
EndProject
Global
	GlobalSection(SolutionConfigurationPlatforms) = preSolution
		Debug|Any CPU = Debug|Any CPU
		Release|Any CPU = Release|Any CPU
	EndGlobalSection
	GlobalSection(ProjectConfigurationPlatforms) = postSolution
		{F4E3E4B3-0EBD-47DC-968D-FD5108C78F07}.Debug|Any CPU.ActiveCfg = Debug|Any CPU
		{F4E3E4B3-0EBD-47DC-968D-FD5108C78F07}.Debug|Any CPU.Build.0 = Debug|Any CPU
		{F4E3E4B3-0EBD-47DC-968D-FD5108C78F07}.Release|Any CPU.ActiveCfg = Release|Any CPU
		{F4E3E4B3-0EBD-47DC-968D-FD5108C78F07}.Release|Any CPU.Build.0 = Release|Any CPU
		{A56DFA33-EDCA-4CA6-A0BE-80A4572D8AF9}.Debug|Any CPU.ActiveCfg = Debug|Any CPU
		{A56DFA33-EDCA-4CA6-A0BE-80A4572D8AF9}.Debug|Any CPU.Build.0 = Debug|Any CPU
		{A56DFA33-EDCA-4CA6-A0BE-80A4572D8AF9}.Release|Any CPU.ActiveCfg = Release|Any CPU
		{A56DFA33-EDCA-4CA6-A0BE-80A4572D8AF9}.Release|Any CPU.Build.0 = Release|Any CPU
	EndGlobalSection
	GlobalSection(SolutionProperties) = preSolution
		HideSolutionNode = FALSE
	EndGlobalSection
	GlobalSection(ExtensibilityGlobals) = postSolution
		SolutionGuid = {7DE33E0F-B231-4478-9F07-D92CB1A9C55F}
	EndGlobalSection
EndGlobal
